{
  "name": "parcel-bundler",
  "lockfileVersion": 3,
  "requires": true,
  "packages": {
    "": {
      "dependencies": {
        "parcel-project-template": "file:.."
      }
    },
    "..": {
      "version": "2.0.0",
      "license": "ISC",
      "dependencies": {
        "modern-normalize": "^1.1.0",
        "simplelightbox": "^2.12.1"
      },
      "devDependencies": {
        "@parcel/transformer-sass": "^2.6.0",
        "parcel": "^2.6.0",
        "parcel-reporter-clean-dist": "^1.0.4",
        "posthtml-include": "^1.7.4"
      }
    },
    "node_modules/parcel-project-template": {
      "resolved": "..",
      "link": true
    }
  }
}
